
Microsoft Visual Studio Solution File, Format Version 12.00
# Visual Studio Version 17
VisualStudioVersion = 17.4.33213.308
MinimumVisualStudioVersion = 10.0.40219.1
Project("{FAE04EC0-301F-11D3-BF4B-00C04F79EFBC}") = "aoc", "aoc\aoc.csproj", "{95AFE75B-793F-4F8A-A7E8-0A6B409FCACF}"
EndProject
Global
	GlobalSection(SolutionConfigurationPlatforms) = preSolution
		Debug|Any CPU = Debug|Any CPU
		Release|Any CPU = Release|Any CPU
	EndGlobalSection
	GlobalSection(ProjectConfigurationPlatforms) = postSolution
		{95AFE75B-793F-4F8A-A7E8-0A6B409FCACF}.Debug|Any CPU.ActiveCfg = Debug|Any CPU
		{95AFE75B-793F-4F8A-A7E8-0A6B409FCACF}.Debug|Any CPU.Build.0 = Debug|Any CPU
		{95AFE75B-793F-4F8A-A7E8-0A6B409FCACF}.Release|Any CPU.ActiveCfg = Release|Any CPU
		{95AFE75B-793F-4F8A-A7E8-0A6B409FCACF}.Release|Any CPU.Build.0 = Release|Any CPU
	EndGlobalSection
	GlobalSection(SolutionProperties) = preSolution
		HideSolutionNode = FALSE
	EndGlobalSection
	GlobalSection(ExtensibilityGlobals) = postSolution
		SolutionGuid = {3EEC69A3-1368-4191-98F6-E7DAE9C1D5E5}
	EndGlobalSection
EndGlobal
